
Microsoft Visual Studio Solution File, Format Version 12.00
# Visual Studio Version 17
VisualStudioVersion = 17.5.33516.290
MinimumVisualStudioVersion = 10.0.40219.1
Project("{FAE04EC0-301F-11D3-BF4B-00C04F79EFBC}") = "library_wpf", "library_wpf.csproj", "{E46BB960-296C-4B86-8387-B8F21C9B7DDF}"
EndProject
Global
	GlobalSection(SolutionConfigurationPlatforms) = preSolution
		Debug|Any CPU = Debug|Any CPU
		Release|Any CPU = Release|Any CPU
	EndGlobalSection
	GlobalSection(ProjectConfigurationPlatforms) = postSolution
		{E46BB960-296C-4B86-8387-B8F21C9B7DDF}.Debug|Any CPU.ActiveCfg = Debug|Any CPU
		{E46BB960-296C-4B86-8387-B8F21C9B7DDF}.Debug|Any CPU.Build.0 = Debug|Any CPU
		{E46BB960-296C-4B86-8387-B8F21C9B7DDF}.Release|Any CPU.ActiveCfg = Release|Any CPU
		{E46BB960-296C-4B86-8387-B8F21C9B7DDF}.Release|Any CPU.Build.0 = Release|Any CPU
	EndGlobalSection
	GlobalSection(SolutionProperties) = preSolution
		HideSolutionNode = FALSE
	EndGlobalSection
	GlobalSection(ExtensibilityGlobals) = postSolution
		SolutionGuid = {CC8108CC-A206-4771-860D-FB0CDEA16360}
	EndGlobalSection
EndGlobal
